
Microsoft Visual Studio Solution File, Format Version 12.00
# Visual Studio Version 17
VisualStudioVersion = 17.10.34928.147
MinimumVisualStudioVersion = 10.0.40219.1
Project("{FAE04EC0-301F-11D3-BF4B-00C04F79EFBC}") = "asp.net core web app 8.0", "asp.net core web app 8.0.csproj", "{C1236435-0EC5-457C-9353-4105C2AA3C8E}"
EndProject
Global
	GlobalSection(SolutionConfigurationPlatforms) = preSolution
		Debug|Any CPU = Debug|Any CPU
		Release|Any CPU = Release|Any CPU
	EndGlobalSection
	GlobalSection(ProjectConfigurationPlatforms) = postSolution
		{C1236435-0EC5-457C-9353-4105C2AA3C8E}.Debug|Any CPU.ActiveCfg = Debug|Any CPU
		{C1236435-0EC5-457C-9353-4105C2AA3C8E}.Debug|Any CPU.Build.0 = Debug|Any CPU
		{C1236435-0EC5-457C-9353-4105C2AA3C8E}.Release|Any CPU.ActiveCfg = Release|Any CPU
		{C1236435-0EC5-457C-9353-4105C2AA3C8E}.Release|Any CPU.Build.0 = Release|Any CPU
	EndGlobalSection
	GlobalSection(SolutionProperties) = preSolution
		HideSolutionNode = FALSE
	EndGlobalSection
	GlobalSection(ExtensibilityGlobals) = postSolution
		SolutionGuid = {3025DDD9-DB2D-4A67-878B-8D7E7C4B5B19}
	EndGlobalSection
EndGlobal
